
Microsoft Visual Studio Solution File, Format Version 12.00
# Visual Studio Version 16
VisualStudioVersion = 16.0.28803.352
MinimumVisualStudioVersion = 10.0.40219.1
Project("{9A19103F-16F7-4668-BE54-9A1E7A4F7556}") = "Clearent", "Clearent\Clearent.csproj", "{C8D062BD-1292-462C-A292-8B20DCEBEA85}"
EndProject
Project("{9A19103F-16F7-4668-BE54-9A1E7A4F7556}") = "ClearentTest", "ClearentTest\ClearentTest.csproj", "{D298A89F-5EF7-4BB5-80E3-E2A01A1406DA}"
EndProject
Project("{9A19103F-16F7-4668-BE54-9A1E7A4F7556}") = "ClearentData", "ClearentData\ClearentData.csproj", "{5BAF5265-05BA-4CB6-9BE0-F40AE5D8927D}"
EndProject
Global
	GlobalSection(SolutionConfigurationPlatforms) = preSolution
		Debug|Any CPU = Debug|Any CPU
		Release|Any CPU = Release|Any CPU
	EndGlobalSection
	GlobalSection(ProjectConfigurationPlatforms) = postSolution
		{C8D062BD-1292-462C-A292-8B20DCEBEA85}.Debug|Any CPU.ActiveCfg = Debug|Any CPU
		{C8D062BD-1292-462C-A292-8B20DCEBEA85}.Debug|Any CPU.Build.0 = Debug|Any CPU
		{C8D062BD-1292-462C-A292-8B20DCEBEA85}.Release|Any CPU.ActiveCfg = Release|Any CPU
		{C8D062BD-1292-462C-A292-8B20DCEBEA85}.Release|Any CPU.Build.0 = Release|Any CPU
		{D298A89F-5EF7-4BB5-80E3-E2A01A1406DA}.Debug|Any CPU.ActiveCfg = Debug|Any CPU
		{D298A89F-5EF7-4BB5-80E3-E2A01A1406DA}.Debug|Any CPU.Build.0 = Debug|Any CPU
		{D298A89F-5EF7-4BB5-80E3-E2A01A1406DA}.Release|Any CPU.ActiveCfg = Release|Any CPU
		{D298A89F-5EF7-4BB5-80E3-E2A01A1406DA}.Release|Any CPU.Build.0 = Release|Any CPU
		{5BAF5265-05BA-4CB6-9BE0-F40AE5D8927D}.Debug|Any CPU.ActiveCfg = Debug|Any CPU
		{5BAF5265-05BA-4CB6-9BE0-F40AE5D8927D}.Debug|Any CPU.Build.0 = Debug|Any CPU
		{5BAF5265-05BA-4CB6-9BE0-F40AE5D8927D}.Release|Any CPU.ActiveCfg = Release|Any CPU
		{5BAF5265-05BA-4CB6-9BE0-F40AE5D8927D}.Release|Any CPU.Build.0 = Release|Any CPU
	EndGlobalSection
	GlobalSection(SolutionProperties) = preSolution
		HideSolutionNode = FALSE
	EndGlobalSection
	GlobalSection(ExtensibilityGlobals) = postSolution
		SolutionGuid = {BE8BDB79-38B1-4DB7-86BC-EDA79AAC4056}
	EndGlobalSection
EndGlobal
